// !$*UTF8*$!
{
	archiveVersion = 1;
	classes = {
	};
	objectVersion = 46;
	objects = {

/* Begin PBXBuildFile section */
		AB1880B21EB851A200A4E22E /* main.m in Sources */ = {isa = PBXBuildFile; fileRef = AB1880B11EB851A200A4E22E /* main.m */; };
		AB1880B51EB851A200A4E22E /* AppDelegate.m in Sources */ = {isa = PBXBuildFile; fileRef = AB1880B41EB851A200A4E22E /* AppDelegate.m */; };
		AB1880B81EB851A300A4E22E /* ViewController.m in Sources */ = {isa = PBXBuildFile; fileRef = AB1880B71EB851A300A4E22E /* ViewController.m */; };
		AB1880BB1EB851A500A4E22E /* Main.storyboard in Resources */ = {isa = PBXBuildFile; fileRef = AB1880B91EB851A500A4E22E /* Main.storyboard */; };
		AB1880BD1EB851A500A4E22E /* Assets.xcassets in Resources */ = {isa = PBXBuildFile; fileRef = AB1880BC1EB851A500A4E22E /* Assets.xcassets */; };
		AB1880C01EB851A500A4E22E /* LaunchScreen.storyboard in Resources */ = {isa = PBXBuildFile; fileRef = AB1880BE1EB851A500A4E22E /* LaunchScreen.storyboard */; };
		AB1880C91EB8541000A4E22E /* AFNetworking.framework in Frameworks */ = {isa = PBXBuildFile; fileRef = AB1880C81EB8541000A4E22E /* AFNetworking.framework */; };
		AB1880CE1EB862D300A4E22E /* AFNetworking.framework in CopyFiles */ = {isa = PBXBuildFile; fileRef = AB1880C81EB8541000A4E22E /* AFNetworking.framework */; settings = {ATTRIBUTES = (CodeSignOnCopy, RemoveHeadersOnCopy, ); }; };
/* End PBXBuildFile section */

/* Begin PBXCopyFilesBuildPhase section */
		AB1880CD1EB862CC00A4E22E /* CopyFiles */ = {
			isa = PBXCopyFilesBuildPhase;
			buildActionMask = 2147483647;
			dstPath = "";
			dstSubfolderSpec = 10;
			files = (
				AB1880CE1EB862D300A4E22E /* AFNetworking.framework in CopyFiles */,
			);
			runOnlyForDeploymentPostprocessing = 0;
		};
/* End PBXCopyFilesBuildPhase section */

/* Begin PBXFileReference section */
		AB1880AD1EB851A200A4E22E /* CarthageDemo.app */ = {isa = PBXFileReference; explicitFileType = wrapper.application; includeInIndex = 0; path = CarthageDemo.app; sourceTree = BUILT_PRODUCTS_DIR; };
		AB1880B11EB851A200A4E22E /* main.m */ = {isa = PBXFileReference; lastKnownFileType = sourcecode.c.objc; path = main.m; sourceTree = "<group>"; };
		AB1880B31EB851A200A4E22E /* AppDelegate.h */ = {isa = PBXFileReference; lastKnownFileType = sourcecode.c.h; path = AppDelegate.h; sourceTree = "<group>"; };
		AB1880B41EB851A200A4E22E /* AppDelegate.m */ = {isa = PBXFileReference; lastKnownFileType = sourcecode.c.objc; path = AppDelegate.m; sourceTree = "<group>"; };
		AB1880B61EB851A300A4E22E /* ViewController.h */ = {isa = PBXFileReference; lastKnownFileType = sourcecode.c.h; path = ViewController.h; sourceTree = "<group>"; };
		AB1880B71EB851A300A4E22E /* ViewController.m */ = {isa = PBXFileReference; lastKnownFileType = sourcecode.c.objc; path = ViewController.m; sourceTree = "<group>"; };
		AB1880BA1EB851A500A4E22E /* Base */ = {isa = PBXFileReference; lastKnownFileType = file.storyboard; name = Base; path = Base.lproj/Main.storyboard; sourceTree = "<group>"; };
		AB1880BC1EB851A500A4E22E /* Assets.xcassets */ = {isa = PBXFileReference; lastKnownFileType = folder.assetcatalog; path = Assets.xcassets; sourceTree = "<group>"; };
		AB1880BF1EB851A500A4E22E /* Base */ = {isa = PBXFileReference; lastKnownFileType = file.storyboard; name = Base; path = Base.lproj/LaunchScreen.storyboard; sourceTree = "<group>"; };
		AB1880C11EB851A600A4E22E /* Info.plist */ = {isa = PBXFileReference; lastKnownFileType = text.plist.xml; path = Info.plist; sourceTree = "<group>"; };
		AB1880C81EB8541000A4E22E /* AFNetworking.framework */ = {isa = PBXFileReference; lastKnownFileType = wrapper.framework; name = AFNetworking.framework; path = Carthage/Build/iOS/AFNetworking.framework; sourceTree = "<group>"; };
/* End PBXFileReference section */

/* Begin PBXFrameworksBuildPhase section */
		AB1880AA1EB851A100A4E22E /* Frameworks */ = {
			isa = PBXFrameworksBuildPhase;
			buildActionMask = 2147483647;
			files = (
				AB1880C91EB8541000A4E22E /* AFNetworking.framework in Frameworks */,
			);
			runOnlyForDeploymentPostprocessing = 0;
		};
/* End PBXFrameworksBuildPhase section */

/* Begin PBXGroup section */
		AB1880A41EB851A000A4E22E = {
			isa = PBXGroup;
			children = (
				AB1880C71EB853ED00A4E22E /* Frameworks */,
				AB1880AF1EB851A200A4E22E /* CarthageDemo */,
				AB1880AE1EB851A200A4E22E /* Products */,
			);
			sourceTree = "<group>";
		};
		AB1880AE1EB851A200A4E22E /* Products */ = {
			isa = PBXGroup;
			children = (
				AB1880AD1EB851A200A4E22E /* CarthageDemo.app */,
			);
			name = Products;
			sourceTree = "<group>";
		};
		AB1880AF1EB851A200A4E22E /* CarthageDemo */ = {
			isa = PBXGroup;
			children = (
				AB1880B31EB851A200A4E22E /* AppDelegate.h */,
				AB1880B41EB851A200A4E22E /* AppDelegate.m */,
				AB1880B61EB851A300A4E22E /* ViewController.h */,
				AB1880B71EB851A300A4E22E /* ViewController.m */,
				AB1880B91EB851A500A4E22E /* Main.storyboard */,
				AB1880BC1EB851A500A4E22E /* Assets.xcassets */,
				AB1880BE1EB851A500A4E22E /* LaunchScreen.storyboard */,
				AB1880C11EB851A600A4E22E /* Info.plist */,
				AB1880B01EB851A200A4E22E /* Supporting Files */,
			);
			path = CarthageDemo;
			sourceTree = "<group>";
		};
		AB1880B01EB851A200A4E22E /* Supporting Files */ = {
			isa = PBXGroup;
			children = (
				AB1880B11EB851A200A4E22E /* main.m */,
			);
			name = "Supporting Files";
			sourceTree = "<group>";
		};
		AB1880C71EB853ED00A4E22E /* Frameworks */ = {
			isa = PBXGroup;
			children = (
				AB1880C81EB8541000A4E22E /* AFNetworking.framework */,
			);
			name = Frameworks;
			sourceTree = "<group>";
		};
/* End PBXGroup section */

/* Begin PBXNativeTarget section */
		AB1880AC1EB851A100A4E22E /* CarthageDemo */ = {
			isa = PBXNativeTarget;
			buildConfigurationList = AB1880C41EB851A600A4E22E /* Build configuration list for PBXNativeTarget "CarthageDemo" */;
			buildPhases = (
				AB1880A91EB851A100A4E22E /* Sources */,
				AB1880AA1EB851A100A4E22E /* Frameworks */,
				AB1880AB1EB851A100A4E22E /* Resources */,
				AB1880CA1EB8617A00A4E22E /* ShellScript */,
				AB1880CD1EB862CC00A4E22E /* CopyFiles */,
			);
			buildRules = (
			);
			dependencies = (
			);
			name = CarthageDemo;
			productName = CarthageDemo;
			productReference = AB1880AD1EB851A200A4E22E /* CarthageDemo.app */;
			productType = "com.apple.product-type.application";
		};
/* End PBXNativeTarget section */

/* Begin PBXProject section */
		AB1880A51EB851A000A4E22E /* Project object */ = {
			isa = PBXProject;
			attributes = {
				LastUpgradeCheck = 0830;
				ORGANIZATIONNAME = "Vipan Kumar";
				TargetAttributes = {
					AB1880AC1EB851A100A4E22E = {
						CreatedOnToolsVersion = 8.3.2;
						ProvisioningStyle = Automatic;
					};
				};
			};
			buildConfigurationList = AB1880A81EB851A000A4E22E /* Build configuration list for PBXProject "CarthageDemo" */;
			compatibilityVersion = "Xcode 3.2";
			developmentRegion = English;
			hasScannedForEncodings = 0;
			knownRegions = (
				en,
				Base,
			);
			mainGroup = AB1880A41EB851A000A4E22E;
			productRefGroup = AB1880AE1EB851A200A4E22E /* Products */;
			projectDirPath = "";
			projectRoot = "";
			targets = (
				AB1880AC1EB851A100A4E22E /* CarthageDemo */,
			);
		};
/* End PBXProject section */

/* Begin PBXResourcesBuildPhase section */
		AB1880AB1EB851A100A4E22E /* Resources */ = {
			isa = PBXResourcesBuildPhase;
			buildActionMask = 2147483647;
			files = (
				AB1880C01EB851A500A4E22E /* LaunchScreen.storyboard in Resources */,
				AB1880BD1EB851A500A4E22E /* Assets.xcassets in Resources */,
				AB1880BB1EB851A500A4E22E /* Main.storyboard in Resources */,
			);
			runOnlyForDeploymentPostprocessing = 0;
		};
/* End PBXResourcesBuildPhase section */

/* Begin PBXShellScriptBuildPhase section */
		AB1880CA1EB8617A00A4E22E /* ShellScript */ = {
			isa = PBXShellScriptBuildPhase;
			buildActionMask = 2147483647;
			files = (
			);
			inputPaths = (
			);
			outputPaths = (
			);
			runOnlyForDeploymentPostprocessing = 0;
			shellPath = /bin/sh;
			shellScript = "/usr/local/bin/carthage copy-frameworks";
		};
/* End PBXShellScriptBuildPhase section */

/* Begin PBXSourcesBuildPhase section */
		AB1880A91EB851A100A4E22E /* Sources */ = {
			isa = PBXSourcesBuildPhase;
			buildActionMask = 2147483647;
			files = (
				AB1880B81EB851A300A4E22E /* ViewController.m in Sources */,
				AB1880B51EB851A200A4E22E /* AppDelegate.m in Sources */,
				AB1880B21EB851A200A4E22E /* main.m in Sources */,
			);
			runOnlyForDeploymentPostprocessing = 0;
		};
/* End PBXSourcesBuildPhase section */

/* Begin PBXVariantGroup section */
		AB1880B91EB851A500A4E22E /* Main.storyboard */ = {
			isa = PBXVariantGroup;
			children = (
				AB1880BA1EB851A500A4E22E /* Base */,
			);
			name = Main.storyboard;
			sourceTree = "<group>";
		};
		AB1880BE1EB851A500A4E22E /* LaunchScreen.storyboard */ = {
			isa = PBXVariantGroup;
			children = (
				AB1880BF1EB851A500A4E22E /* Base */,
			);
			name = LaunchScreen.storyboard;
			sourceTree = "<group>";
		};
/* End PBXVariantGroup section */

/* Begin XCBuildConfiguration section */
		AB1880C21EB851A600A4E22E /* Debug */ = {
			isa = XCBuildConfiguration;
			buildSettings = {
				ALWAYS_SEARCH_USER_PATHS = NO;
				CLANG_ANALYZER_NONNULL = YES;
				CLANG_ANALYZER_NUMBER_OBJECT_CONVERSION = YES_AGGRESSIVE;
				CLANG_CXX_LANGUAGE_STANDARD = "gnu++0x";
				CLANG_CXX_LIBRARY = "libc++";
				CLANG_ENABLE_MODULES = YES;
				CLANG_ENABLE_OBJC_ARC = YES;
				CLANG_WARN_BOOL_CONVERSION = YES;
				CLANG_WARN_CONSTANT_CONVERSION = YES;
				CLANG_WARN_DIRECT_OBJC_ISA_USAGE = YES_ERROR;
				CLANG_WARN_DOCUMENTATION_COMMENTS = YES;
				CLANG_WARN_EMPTY_BODY = YES;
				CLANG_WARN_ENUM_CONVERSION = YES;
				CLANG_WARN_INFINITE_RECURSION = YES;
				CLANG_WARN_INT_CONVERSION = YES;
				CLANG_WARN_OBJC_ROOT_CLASS = YES_ERROR;
				CLANG_WARN_SUSPICIOUS_MOVE = YES;
				CLANG_WARN_UNREACHABLE_CODE = YES;
				CLANG_WARN__DUPLICATE_METHOD_MATCH = YES;
				"CODE_SIGN_IDENTITY[sdk=iphoneos*]" = "iPhone Developer";
				COPY_PHASE_STRIP = NO;
				DEBUG_INFORMATION_FORMAT = dwarf;
				ENABLE_STRICT_OBJC_MSGSEND = YES;
				ENABLE_TESTABILITY = YES;
				GCC_C_LANGUAGE_STANDARD = gnu99;
				GCC_DYNAMIC_NO_PIC = NO;
				GCC_NO_COMMON_BLOCKS = YES;
				GCC_OPTIMIZATION_LEVEL = 0;
				GCC_PREPROCESSOR_DEFINITIONS = (
					"DEBUG=1",
					"$(inherited)",
				);
				GCC_WARN_64_TO_32_BIT_CONVERSION = YES;
				GCC_WARN_ABOUT_RETURN_TYPE = YES_ERROR;
				GCC_WARN_UNDECLARED_SELECTOR = YES;
				GCC_WARN_UNINITIALIZED_AUTOS = YES_AGGRESSIVE;
				GCC_WARN_UNUSED_FUNCTION = YES;
				GCC_WARN_UNUSED_VARIABLE = YES;
				IPHONEOS_DEPLOYMENT_TARGET = 10.3;
				MTL_ENABLE_DEBUG_INFO = YES;
				ONLY_ACTIVE_ARCH = YES;
				SDKROOT = iphoneos;
				TARGETED_DEVICE_FAMILY = "1,2";
			};
			name = Debug;
		};
		AB1880C31EB851A600A4E22E /* Release */ = {
			isa = XCBuildConfiguration;
			buildSettings = {
				ALWAYS_SEARCH_USER_PATHS = NO;
				CLANG_ANALYZER_NONNULL = YES;
				CLANG_ANALYZER_NUMBER_OBJECT_CONVERSION = YES_AGGRESSIVE;
				CLANG_CXX_LANGUAGE_STANDARD = "gnu++0x";
				CLANG_CXX_LIBRARY = "libc++";
				CLANG_ENABLE_MODULES = YES;
				CLANG_ENABLE_OBJC_ARC = YES;
				CLANG_WARN_BOOL_CONVERSION = YES;
				CLANG_WARN_CONSTANT_CONVERSION = YES;
				CLANG_WARN_DIRECT_OBJC_ISA_USAGE = YES_ERROR;
				CLANG_WARN_DOCUMENTATION_COMMENTS = YES;
				CLANG_WARN_EMPTY_BODY = YES;
				CLANG_WARN_ENUM_CONVERSION = YES;
				CLANG_WARN_INFINITE_RECURSION = YES;
				CLANG_WARN_INT_CONVERSION = YES;
				CLANG_WARN_OBJC_ROOT_CLASS = YES_ERROR;
				CLANG_WARN_SUSPICIOUS_MOVE = YES;
				CLANG_WARN_UNREACHABLE_CODE = YES;
				CLANG_WARN__DUPLICATE_METHOD_MATCH = YES;
				"CODE_SIGN_IDENTITY[sdk=iphoneos*]" = "iPhone Developer";
				COPY_PHASE_STRIP = NO;
				DEBUG_INFORMATION_FORMAT = "dwarf-with-dsym";
				ENABLE_NS_ASSERTIONS = NO;
				ENABLE_STRICT_OBJC_MSGSEND = YES;
				GCC_C_LANGUAGE_STANDARD = gnu99;
				GCC_NO_COMMON_BLOCKS = YES;
				GCC_WARN_64_TO_32_BIT_CONVERSION = YES;
				GCC_WARN_ABOUT_RETURN_TYPE = YES_ERROR;
				GCC_WARN_UNDECLARED_SELECTOR = YES;
				GCC_WARN_UNINITIALIZED_AUTOS = YES_AGGRESSIVE;
				GCC_WARN_UNUSED_FUNCTION = YES;
				GCC_WARN_UNUSED_VARIABLE = YES;
				IPHONEOS_DEPLOYMENT_TARGET = 10.3;
				MTL_ENABLE_DEBUG_INFO = NO;
				SDKROOT = iphoneos;
				TARGETED_DEVICE_FAMILY = "1,2";
				VALIDATE_PRODUCT = YES;
			};
			name = Release;
		};
		AB1880C51EB851A600A4E22E /* Debug */ = {
			isa = XCBuildConfiguration;
			buildSettings = {
				ASSETCATALOG_COMPILER_APPICON_NAME = AppIcon;
				FRAMEWORK_SEARCH_PATHS = (
					"$(inherited)",
					"$(PROJECT_DIR)/Carthage/Build/iOS",
				);
				INFOPLIST_FILE = CarthageDemo/Info.plist;
				LD_RUNPATH_SEARCH_PATHS = "$(inherited) @executable_path/Frameworks";
				PRODUCT_BUNDLE_IDENTIFIER = com.esferaSoft.CarthageDemo;
				PRODUCT_NAME = "$(TARGET_NAME)";
			};
			name = Debug;
		};
		AB1880C61EB851A600A4E22E /* Release */ = {
			isa = XCBuildConfiguration;
			buildSettings = {
				ASSETCATALOG_COMPILER_APPICON_NAME = AppIcon;
				FRAMEWORK_SEARCH_PATHS = (
					"$(inherited)",
					"$(PROJECT_DIR)/Carthage/Build/iOS",
				);
				INFOPLIST_FILE = CarthageDemo/Info.plist;
				LD_RUNPATH_SEARCH_PATHS = "$(inherited) @executable_path/Frameworks";
				PRODUCT_BUNDLE_IDENTIFIER = com.esferaSoft.CarthageDemo;
				PRODUCT_NAME = "$(TARGET_NAME)";
			};
			name = Release;
		};
/* End XCBuildConfiguration section */

/* Begin XCConfigurationList section */
		AB1880A81EB851A000A4E22E /* Build configuration list for PBXProject "CarthageDemo" */ = {
			isa = XCConfigurationList;
			buildConfigurations = (
				AB1880C21EB851A600A4E22E /* Debug */,
				AB1880C31EB851A600A4E22E /* Release */,
			);
			defaultConfigurationIsVisible = 0;
			defaultConfigurationName = Release;
		};
		AB1880C41EB851A600A4E22E /* Build configuration list for PBXNativeTarget "CarthageDemo" */ = {
			isa = XCConfigurationList;
			buildConfigurations = (
				AB1880C51EB851A600A4E22E /* Debug */,
				AB1880C61EB851A600A4E22E /* Release */,
			);
			defaultConfigurationIsVisible = 0;
		};
/* End XCConfigurationList section */
	};
	rootObject = AB1880A51EB851A000A4E22E /* Project object */;
}
